
Microsoft Visual Studio Solution File, Format Version 12.00
# Visual Studio Version 17
VisualStudioVersion = 17.3.32825.248
MinimumVisualStudioVersion = 10.0.40219.1
Project("{F184B08F-C81C-45F6-A57F-5ABD9991F28F}") = "File2Bmp", "File2Bmp.vbproj", "{13A2FD5C-2355-4AA0-B0B4-ADE8C9FC0100}"
EndProject
Global
	GlobalSection(SolutionConfigurationPlatforms) = preSolution
		Debug|Any CPU = Debug|Any CPU
		Release|Any CPU = Release|Any CPU
	EndGlobalSection
	GlobalSection(ProjectConfigurationPlatforms) = postSolution
		{13A2FD5C-2355-4AA0-B0B4-ADE8C9FC0100}.Debug|Any CPU.ActiveCfg = Debug|Any CPU
		{13A2FD5C-2355-4AA0-B0B4-ADE8C9FC0100}.Debug|Any CPU.Build.0 = Debug|Any CPU
		{13A2FD5C-2355-4AA0-B0B4-ADE8C9FC0100}.Release|Any CPU.ActiveCfg = Release|Any CPU
		{13A2FD5C-2355-4AA0-B0B4-ADE8C9FC0100}.Release|Any CPU.Build.0 = Release|Any CPU
	EndGlobalSection
	GlobalSection(SolutionProperties) = preSolution
		HideSolutionNode = FALSE
	EndGlobalSection
	GlobalSection(ExtensibilityGlobals) = postSolution
		SolutionGuid = {BC6065C3-59E2-4707-9684-566FF1759556}
	EndGlobalSection
EndGlobal
